PODS:
  - AFNetworking (3.2.1):
    - AFNetworking/NSURLSession (= 3.2.1)
    - AFNetworking/Reachability (= 3.2.1)
    - AFNetworking/Security (= 3.2.1)
    - AFNetworking/Serialization (= 3.2.1)
    - AFNetworking/UIKit (= 3.2.1)
  - AFNetworking/NSURLSession (3.2.1):
    - AFNetworking/Reachability
    - AFNetworking/Security
    - AFNetworking/Serialization
  - AFNetworking/Reachability (3.2.1)
  - AFNetworking/Security (3.2.1)
  - AFNetworking/Serialization (3.2.1)
  - AFNetworking/UIKit (3.2.1):
    - AFNetworking/NSURLSession
  - IQKeyboardManager (6.1.0)
  - Masonry (1.1.0)
  - MJExtension (3.0.15.1)
  - MJRefresh (3.1.15.3)
  - SDWebImage (4.4.1):
    - SDWebImage/Core (= 4.4.1)
  - SDWebImage/Core (4.4.1)
  - SVProgressHUD (2.2.5)
  - Toast (4.0.0)

DEPENDENCIES:
  - AFNetworking
  - IQKeyboardManager (~> 6.1.0)
  - Masonry
  - MJExtension
  - MJRefresh
  - SDWebImage
  - SVProgressHUD
  - Toast (~> 4.0.0)

SPEC REPOS:
  https://github.com/cocoapods/specs.git:
    - AFNetworking
    - IQKeyboardManager
    - Masonry
    - MJExtension
    - MJRefresh
    - SDWebImage
    - SVProgressHUD
    - Toast

SPEC CHECKSUMS:
  AFNetworking: b6f891fdfaed196b46c7a83cf209e09697b94057
  IQKeyboardManager: f520b0f411eaefa08058532cb50c48bfeffa8535
  Masonry: 678fab65091a9290e40e2832a55e7ab731aad201
  MJExtension: 19bc33ce2eee2d319760f5622562cf581a6ff756
  MJRefresh: b48380ae2b927b46c4ef000de9adb8dc748e1df7
  SDWebImage: 47e9b5b925cbce75946c23f0c42dd19464189af4
  SVProgressHUD: 1428aafac632c1f86f62aa4243ec12008d7a51d6
  Toast: 91b396c56ee72a5790816f40d3a94dd357abc196

PODFILE CHECKSUM: c3cd1ba863154a126f2d82b1969da4e456886ad0

COCOAPODS: 1.5.3
